
Microsoft Visual Studio Solution File, Format Version 12.00
# Blend for Visual Studio Version 16
VisualStudioVersion = 16.0.30907.101
MinimumVisualStudioVersion = 10.0.40219.1
Project("{FAE04EC0-301F-11D3-BF4B-00C04F79EFBC}") = "ccucom", "ccucom\ccucom.csproj", "{C999E9A7-4B13-4479-9E8C-56D6A6B7F0B0}"
EndProject
Global
	GlobalSection(SolutionConfigurationPlatforms) = preSolution
		Debug|Any CPU = Debug|Any CPU
		Release|Any CPU = Release|Any CPU
	EndGlobalSection
	GlobalSection(ProjectConfigurationPlatforms) = postSolution
		{C999E9A7-4B13-4479-9E8C-56D6A6B7F0B0}.Debug|Any CPU.ActiveCfg = Debug|Any CPU
		{C999E9A7-4B13-4479-9E8C-56D6A6B7F0B0}.Debug|Any CPU.Build.0 = Debug|Any CPU
		{C999E9A7-4B13-4479-9E8C-56D6A6B7F0B0}.Release|Any CPU.ActiveCfg = Release|Any CPU
		{C999E9A7-4B13-4479-9E8C-56D6A6B7F0B0}.Release|Any CPU.Build.0 = Release|Any CPU
	EndGlobalSection
	GlobalSection(SolutionProperties) = preSolution
		HideSolutionNode = FALSE
	EndGlobalSection
	GlobalSection(ExtensibilityGlobals) = postSolution
		SolutionGuid = {BAF03FCD-314D-43E9-B87B-4AC2F451FC06}
	EndGlobalSection
EndGlobal
